
Microsoft Visual Studio Solution File, Format Version 12.00
# Visual Studio 15
VisualStudioVersion = 15.0.28307.168
MinimumVisualStudioVersion = 10.0.40219.1
Project("{8BC9CEB8-8B4A-11D0-8D11-00A0C91BC942}") = "Closures", "Closures\Closures.vcxproj", "{ADAB73E6-A0EA-46AE-BD44-2BF0E1E61F5A}"
EndProject
Global
	GlobalSection(SolutionConfigurationPlatforms) = preSolution
		Debug|x64 = Debug|x64
		Debug|x86 = Debug|x86
		Release|x64 = Release|x64
		Release|x86 = Release|x86
	EndGlobalSection
	GlobalSection(ProjectConfigurationPlatforms) = postSolution
		{ADAB73E6-A0EA-46AE-BD44-2BF0E1E61F5A}.Debug|x64.ActiveCfg = Debug|x64
		{ADAB73E6-A0EA-46AE-BD44-2BF0E1E61F5A}.Debug|x64.Build.0 = Debug|x64
		{ADAB73E6-A0EA-46AE-BD44-2BF0E1E61F5A}.Debug|x86.ActiveCfg = Debug|Win32
		{ADAB73E6-A0EA-46AE-BD44-2BF0E1E61F5A}.Debug|x86.Build.0 = Debug|Win32
		{ADAB73E6-A0EA-46AE-BD44-2BF0E1E61F5A}.Release|x64.ActiveCfg = Release|x64
		{ADAB73E6-A0EA-46AE-BD44-2BF0E1E61F5A}.Release|x64.Build.0 = Release|x64
		{ADAB73E6-A0EA-46AE-BD44-2BF0E1E61F5A}.Release|x86.ActiveCfg = Release|Win32
		{ADAB73E6-A0EA-46AE-BD44-2BF0E1E61F5A}.Release|x86.Build.0 = Release|Win32
	EndGlobalSection
	GlobalSection(SolutionProperties) = preSolution
		HideSolutionNode = FALSE
	EndGlobalSection
	GlobalSection(ExtensibilityGlobals) = postSolution
		SolutionGuid = {ACCAF0F3-DC62-407B-BB6D-A7F866FDF136}
	EndGlobalSection
EndGlobal
